// !$*UTF8*$!
{
	archiveVersion = 1;
	classes = {
	};
	objectVersion = 48;
	objects = {

/* Begin PBXBuildFile section */
		BB1634EE207A50C200AED7F6 /* AppDelegate.swift in Sources */ = {isa = PBXBuildFile; fileRef = BB1634ED207A50C200AED7F6 /* AppDelegate.swift */; };
		BB1634F5207A50C200AED7F6 /* Assets.xcassets in Resources */ = {isa = PBXBuildFile; fileRef = BB1634F4207A50C200AED7F6 /* Assets.xcassets */; };
		BB1634F8207A50C200AED7F6 /* LaunchScreen.storyboard in Resources */ = {isa = PBXBuildFile; fileRef = BB1634F6207A50C200AED7F6 /* LaunchScreen.storyboard */; };
		BB163503207A541100AED7F6 /* Main.storyboard in Resources */ = {isa = PBXBuildFile; fileRef = BB163502207A541100AED7F6 /* Main.storyboard */; };
		BB163506207A543000AED7F6 /* SplashViewController.swift in Sources */ = {isa = PBXBuildFile; fileRef = BB163505207A543000AED7F6 /* SplashViewController.swift */; };
		BB16350C207A54DD00AED7F6 /* TabbarViewController.swift in Sources */ = {isa = PBXBuildFile; fileRef = BB16350B207A54DD00AED7F6 /* TabbarViewController.swift */; };
		BB16350E207A550300AED7F6 /* HttpManager.swift in Sources */ = {isa = PBXBuildFile; fileRef = BB16350D207A550300AED7F6 /* HttpManager.swift */; };
		BB163513207A55B500AED7F6 /* EngineerRequester.swift in Sources */ = {isa = PBXBuildFile; fileRef = BB163512207A55B500AED7F6 /* EngineerRequester.swift */; };
		BB163515207A55BF00AED7F6 /* GalleryRequester.swift in Sources */ = {isa = PBXBuildFile; fileRef = BB163514207A55BF00AED7F6 /* GalleryRequester.swift */; };
		BB163517207A55DA00AED7F6 /* MessageRequester.swift in Sources */ = {isa = PBXBuildFile; fileRef = BB163516207A55DA00AED7F6 /* MessageRequester.swift */; };
		BB163519207A55E300AED7F6 /* EstimateRequester.swift in Sources */ = {isa = PBXBuildFile; fileRef = BB163518207A55E300AED7F6 /* EstimateRequester.swift */; };
		BB16351B207A55FD00AED7F6 /* Constants.swift in Sources */ = {isa = PBXBuildFile; fileRef = BB16351A207A55FD00AED7F6 /* Constants.swift */; };
		BB16351D207A5C1C00AED7F6 /* ApiManager.swift in Sources */ = {isa = PBXBuildFile; fileRef = BB16351C207A5C1C00AED7F6 /* ApiManager.swift */; };
		BB1D0791207CD0D60073BBB2 /* EngineerViewController.swift in Sources */ = {isa = PBXBuildFile; fileRef = BB1D0790207CD0D60073BBB2 /* EngineerViewController.swift */; };
		BB1D0793207CD0E30073BBB2 /* GalleryViewController.swift in Sources */ = {isa = PBXBuildFile; fileRef = BB1D0792207CD0E30073BBB2 /* GalleryViewController.swift */; };
		BB1D0795207CD0EB0073BBB2 /* ProgressViewController.swift in Sources */ = {isa = PBXBuildFile; fileRef = BB1D0794207CD0EB0073BBB2 /* ProgressViewController.swift */; };
		BB1D0797207CD0F40073BBB2 /* OtherViewController.swift in Sources */ = {isa = PBXBuildFile; fileRef = BB1D0796207CD0F40073BBB2 /* OtherViewController.swift */; };
		BB1D0799207CD1700073BBB2 /* Engineer.storyboard in Resources */ = {isa = PBXBuildFile; fileRef = BB1D0798207CD1700073BBB2 /* Engineer.storyboard */; };
		BB1D079B207CD1780073BBB2 /* Gallery.storyboard in Resources */ = {isa = PBXBuildFile; fileRef = BB1D079A207CD1780073BBB2 /* Gallery.storyboard */; };
		BB1D079D207CD1800073BBB2 /* Progress.storyboard in Resources */ = {isa = PBXBuildFile; fileRef = BB1D079C207CD1800073BBB2 /* Progress.storyboard */; };
		BB1D079F207CD1860073BBB2 /* Other.storyboard in Resources */ = {isa = PBXBuildFile; fileRef = BB1D079E207CD1860073BBB2 /* Other.storyboard */; };
		BB1D07A1207CD1DE0073BBB2 /* UIColor+Original.swift in Sources */ = {isa = PBXBuildFile; fileRef = BB1D07A0207CD1DE0073BBB2 /* UIColor+Original.swift */; };
		BB1D07A3207CD65E0073BBB2 /* EngineerTableViewCell.swift in Sources */ = {isa = PBXBuildFile; fileRef = BB1D07A2207CD65E0073BBB2 /* EngineerTableViewCell.swift */; };
		BB1D07A6207CE11D0073BBB2 /* EngineerDetailViewController.swift in Sources */ = {isa = PBXBuildFile; fileRef = BB1D07A5207CE11D0073BBB2 /* EngineerDetailViewController.swift */; };
		BB1D07A8207CE12A0073BBB2 /* EngineerMenuViewController.swift in Sources */ = {isa = PBXBuildFile; fileRef = BB1D07A7207CE12A0073BBB2 /* EngineerMenuViewController.swift */; };
		BB1D07AA207CE5FD0073BBB2 /* EngineerDetailProfileTableViewCell.swift in Sources */ = {isa = PBXBuildFile; fileRef = BB1D07A9207CE5FD0073BBB2 /* EngineerDetailProfileTableViewCell.swift */; };
		BB1D07AC207CE60A0073BBB2 /* EngineerDetailWorkTableViewCell.swift in Sources */ = {isa = PBXBuildFile; fileRef = BB1D07AB207CE60A0073BBB2 /* EngineerDetailWorkTableViewCell.swift */; };
		BB1D07AE207CF5090073BBB2 /* GalleryCollectionViewCell.swift in Sources */ = {isa = PBXBuildFile; fileRef = BB1D07AD207CF5090073BBB2 /* GalleryCollectionViewCell.swift */; };
		BB1E29C6207F736F00CF5AF7 /* UILabel+Attribute.swift in Sources */ = {isa = PBXBuildFile; fileRef = BB1E29C5207F736F00CF5AF7 /* UILabel+Attribute.swift */; };
		BB1E29C9207F73CD00CF5AF7 /* CheckBox.swift in Sources */ = {isa = PBXBuildFile; fileRef = BB1E29C8207F73CD00CF5AF7 /* CheckBox.swift */; };
		BB1E29CB207F73D600CF5AF7 /* CheckBox.xib in Resources */ = {isa = PBXBuildFile; fileRef = BB1E29CA207F73D600CF5AF7 /* CheckBox.xib */; };
		BB1E29CE207F73FB00CF5AF7 /* Dialog.swift in Sources */ = {isa = PBXBuildFile; fileRef = BB1E29CD207F73FB00CF5AF7 /* Dialog.swift */; };
		BB1E29D0207F740200CF5AF7 /* Dialog.xib in Resources */ = {isa = PBXBuildFile; fileRef = BB1E29CF207F740200CF5AF7 /* Dialog.xib */; };
		BB1E29D2207F740F00CF5AF7 /* DialogButton.xib in Resources */ = {isa = PBXBuildFile; fileRef = BB1E29D1207F740F00CF5AF7 /* DialogButton.xib */; };
		BB1E29D4207F741800CF5AF7 /* DialogButton.swift in Sources */ = {isa = PBXBuildFile; fileRef = BB1E29D3207F741800CF5AF7 /* DialogButton.swift */; };
		BB1E29D7207F748C00CF5AF7 /* MessageViewController.swift in Sources */ = {isa = PBXBuildFile; fileRef = BB1E29D6207F748C00CF5AF7 /* MessageViewController.swift */; };
		BB1E29DA207F750800CF5AF7 /* WebViewController.swift in Sources */ = {isa = PBXBuildFile; fileRef = BB1E29D9207F750800CF5AF7 /* WebViewController.swift */; };
		BB22537C2080E3630035605A /* CALayer+Border.swift in Sources */ = {isa = PBXBuildFile; fileRef = BB22537B2080E3630035605A /* CALayer+Border.swift */; };
		BB36A4AE2082009600B96D18 /* KeyboardRespondableViewController.swift in Sources */ = {isa = PBXBuildFile; fileRef = BB36A4AD2082009600B96D18 /* KeyboardRespondableViewController.swift */; };
		BB36A4B12082038F00B96D18 /* PlaceholderTextField.swift in Sources */ = {isa = PBXBuildFile; fileRef = BB36A4B02082038F00B96D18 /* PlaceholderTextField.swift */; };
		BB36A4B3208203A500B96D18 /* PlaceholderTextView.swift in Sources */ = {isa = PBXBuildFile; fileRef = BB36A4B2208203A500B96D18 /* PlaceholderTextView.swift */; };
		BB96C3B3207B89150054D352 /* EngineerDetailRequester.swift in Sources */ = {isa = PBXBuildFile; fileRef = BB96C3B2207B89150054D352 /* EngineerDetailRequester.swift */; };
		BB96C3B6207B8BB10054D352 /* OrganizationType.swift in Sources */ = {isa = PBXBuildFile; fileRef = BB96C3B5207B8BB10054D352 /* OrganizationType.swift */; };
		BB96C3B8207B8EB60054D352 /* CostType.swift in Sources */ = {isa = PBXBuildFile; fileRef = BB96C3B7207B8EB60054D352 /* CostType.swift */; };
		BB96C3BA207B8ECE0054D352 /* WorksType.swift in Sources */ = {isa = PBXBuildFile; fileRef = BB96C3B9207B8ECE0054D352 /* WorksType.swift */; };
		BB96C3BC207B8FB40054D352 /* GallerySortType.swift in Sources */ = {isa = PBXBuildFile; fileRef = BB96C3BB207B8FB40054D352 /* GallerySortType.swift */; };
		BB96C3BE207B9B6F0054D352 /* String+Base64.swift in Sources */ = {isa = PBXBuildFile; fileRef = BB96C3BD207B9B6E0054D352 /* String+Base64.swift */; };
		BBCC08D6207E45C10007D33E /* CommonUtility.swift in Sources */ = {isa = PBXBuildFile; fileRef = BBCC08D5207E45C10007D33E /* CommonUtility.swift */; };
		BBD9EB6720831A4D005A271F /* GallerySortViewController.swift in Sources */ = {isa = PBXBuildFile; fileRef = BBD9EB6620831A4D005A271F /* GallerySortViewController.swift */; };
		BBD9EB692083200C005A271F /* SaveData.swift in Sources */ = {isa = PBXBuildFile; fileRef = BBD9EB682083200C005A271F /* SaveData.swift */; };
		BBD9EB6E208323E1005A271F /* TutorialViewController.swift in Sources */ = {isa = PBXBuildFile; fileRef = BBD9EB6D208323E1005A271F /* TutorialViewController.swift */; };
		BBD9EB70208323EF005A271F /* TutorialView.swift in Sources */ = {isa = PBXBuildFile; fileRef = BBD9EB6F208323EF005A271F /* TutorialView.swift */; };
		BBD9EB72208323FC005A271F /* TutorialView.xib in Resources */ = {isa = PBXBuildFile; fileRef = BBD9EB71208323FC005A271F /* TutorialView.xib */; };
		BBD9EB7520833D11005A271F /* Loading.swift in Sources */ = {isa = PBXBuildFile; fileRef = BBD9EB7420833D11005A271F /* Loading.swift */; };
		BBD9EB7720833D1A005A271F /* Loading.xib in Resources */ = {isa = PBXBuildFile; fileRef = BBD9EB7620833D1A005A271F /* Loading.xib */; };
		BBE16247207BCC0A007DCE02 /* UIViewController+Scene.swift in Sources */ = {isa = PBXBuildFile; fileRef = BBE16246207BCC0A007DCE02 /* UIViewController+Scene.swift */; };
		BBEB4BB8207E1FDC0073F461 /* EstimateViewController.swift in Sources */ = {isa = PBXBuildFile; fileRef = BBEB4BB7207E1FDC0073F461 /* EstimateViewController.swift */; };
		BBEB4BBA207E204F0073F461 /* ImageStorage.swift in Sources */ = {isa = PBXBuildFile; fileRef = BBEB4BB9207E204F0073F461 /* ImageStorage.swift */; };
		BBEB4BC1207E26B10073F461 /* Common.storyboard in Resources */ = {isa = PBXBuildFile; fileRef = BBEB4BC0207E26B10073F461 /* Common.storyboard */; };
		BBEB4BC6207E296D0073F461 /* EndedProjectViewController.swift in Sources */ = {isa = PBXBuildFile; fileRef = BBEB4BC5207E296D0073F461 /* EndedProjectViewController.swift */; };
/* End PBXBuildFile section */

/* Begin PBXFileReference section */
		BB1634EA207A50C200AED7F6 /* AppFactory.app */ = {isa = PBXFileReference; explicitFileType = wrapper.application; includeInIndex = 0; path = AppFactory.app; sourceTree = BUILT_PRODUCTS_DIR; };
		BB1634ED207A50C200AED7F6 /* AppDelegate.swift */ = {isa = PBXFileReference; lastKnownFileType = sourcecode.swift; path = AppDelegate.swift; sourceTree = "<group>"; };
		BB1634F4207A50C200AED7F6 /* Assets.xcassets */ = {isa = PBXFileReference; lastKnownFileType = folder.assetcatalog; path = Assets.xcassets; sourceTree = "<group>"; };
		BB1634F7207A50C200AED7F6 /* Base */ = {isa = PBXFileReference; lastKnownFileType = file.storyboard; name = Base; path = Base.lproj/LaunchScreen.storyboard; sourceTree = "<group>"; };
		BB1634F9207A50C300AED7F6 /* Info.plist */ = {isa = PBXFileReference; lastKnownFileType = text.plist.xml; path = Info.plist; sourceTree = "<group>"; };
		BB163502207A541100AED7F6 /* Main.storyboard */ = {isa = PBXFileReference; fileEncoding = 4; lastKnownFileType = file.storyboard; path = Main.storyboard; sourceTree = "<group>"; };
		BB163505207A543000AED7F6 /* SplashViewController.swift */ = {isa = PBXFileReference; lastKnownFileType = sourcecode.swift; path = SplashViewController.swift; sourceTree = "<group>"; };
		BB16350B207A54DD00AED7F6 /* TabbarViewController.swift */ = {isa = PBXFileReference; lastKnownFileType = sourcecode.swift; path = TabbarViewController.swift; sourceTree = "<group>"; };
		BB16350D207A550300AED7F6 /* HttpManager.swift */ = {isa = PBXFileReference; lastKnownFileType = sourcecode.swift; path = HttpManager.swift; sourceTree = "<group>"; };
		BB163512207A55B500AED7F6 /* EngineerRequester.swift */ = {isa = PBXFileReference; lastKnownFileType = sourcecode.swift; path = EngineerRequester.swift; sourceTree = "<group>"; };
		BB163514207A55BF00AED7F6 /* GalleryRequester.swift */ = {isa = PBXFileReference; lastKnownFileType = sourcecode.swift; path = GalleryRequester.swift; sourceTree = "<group>"; };
		BB163516207A55DA00AED7F6 /* MessageRequester.swift */ = {isa = PBXFileReference; lastKnownFileType = sourcecode.swift; path = MessageRequester.swift; sourceTree = "<group>"; };
		BB163518207A55E300AED7F6 /* EstimateRequester.swift */ = {isa = PBXFileReference; lastKnownFileType = sourcecode.swift; path = EstimateRequester.swift; sourceTree = "<group>"; };
		BB16351A207A55FD00AED7F6 /* Constants.swift */ = {isa = PBXFileReference; lastKnownFileType = sourcecode.swift; path = Constants.swift; sourceTree = "<group>"; };
		BB16351C207A5C1C00AED7F6 /* ApiManager.swift */ = {isa = PBXFileReference; lastKnownFileType = sourcecode.swift; path = ApiManager.swift; sourceTree = "<group>"; };
		BB1D0790207CD0D60073BBB2 /* EngineerViewController.swift */ = {isa = PBXFileReference; lastKnownFileType = sourcecode.swift; path = EngineerViewController.swift; sourceTree = "<group>"; };
		BB1D0792207CD0E30073BBB2 /* GalleryViewController.swift */ = {isa = PBXFileReference; lastKnownFileType = sourcecode.swift; path = GalleryViewController.swift; sourceTree = "<group>"; };
		BB1D0794207CD0EB0073BBB2 /* ProgressViewController.swift */ = {isa = PBXFileReference; lastKnownFileType = sourcecode.swift; path = ProgressViewController.swift; sourceTree = "<group>"; };
		BB1D0796207CD0F40073BBB2 /* OtherViewController.swift */ = {isa = PBXFileReference; lastKnownFileType = sourcecode.swift; path = OtherViewController.swift; sourceTree = "<group>"; };
		BB1D0798207CD1700073BBB2 /* Engineer.storyboard */ = {isa = PBXFileReference; lastKnownFileType = file.storyboard; path = Engineer.storyboard; sourceTree = "<group>"; };
		BB1D079A207CD1780073BBB2 /* Gallery.storyboard */ = {isa = PBXFileReference; lastKnownFileType = file.storyboard; path = Gallery.storyboard; sourceTree = "<group>"; };
		BB1D079C207CD1800073BBB2 /* Progress.storyboard */ = {isa = PBXFileReference; lastKnownFileType = file.storyboard; path = Progress.storyboard; sourceTree = "<group>"; };
		BB1D079E207CD1860073BBB2 /* Other.storyboard */ = {isa = PBXFileReference; lastKnownFileType = file.storyboard; path = Other.storyboard; sourceTree = "<group>"; };
		BB1D07A0207CD1DE0073BBB2 /* UIColor+Original.swift */ = {isa = PBXFileReference; lastKnownFileType = sourcecode.swift; path = "UIColor+Original.swift"; sourceTree = "<group>"; };
		BB1D07A2207CD65E0073BBB2 /* EngineerTableViewCell.swift */ = {isa = PBXFileReference; lastKnownFileType = sourcecode.swift; path = EngineerTableViewCell.swift; sourceTree = "<group>"; };
		BB1D07A5207CE11D0073BBB2 /* EngineerDetailViewController.swift */ = {isa = PBXFileReference; lastKnownFileType = sourcecode.swift; path = EngineerDetailViewController.swift; sourceTree = "<group>"; };
		BB1D07A7207CE12A0073BBB2 /* EngineerMenuViewController.swift */ = {isa = PBXFileReference; lastKnownFileType = sourcecode.swift; path = EngineerMenuViewController.swift; sourceTree = "<group>"; };
		BB1D07A9207CE5FD0073BBB2 /* EngineerDetailProfileTableViewCell.swift */ = {isa = PBXFileReference; lastKnownFileType = sourcecode.swift; path = EngineerDetailProfileTableViewCell.swift; sourceTree = "<group>"; };
		BB1D07AB207CE60A0073BBB2 /* EngineerDetailWorkTableViewCell.swift */ = {isa = PBXFileReference; lastKnownFileType = sourcecode.swift; path = EngineerDetailWorkTableViewCell.swift; sourceTree = "<group>"; };
		BB1D07AD207CF5090073BBB2 /* GalleryCollectionViewCell.swift */ = {isa = PBXFileReference; lastKnownFileType = sourcecode.swift; path = GalleryCollectionViewCell.swift; sourceTree = "<group>"; };
		BB1E29C5207F736F00CF5AF7 /* UILabel+Attribute.swift */ = {isa = PBXFileReference; lastKnownFileType = sourcecode.swift; path = "UILabel+Attribute.swift"; sourceTree = "<group>"; };
		BB1E29C8207F73CD00CF5AF7 /* CheckBox.swift */ = {isa = PBXFileReference; lastKnownFileType = sourcecode.swift; path = CheckBox.swift; sourceTree = "<group>"; };
		BB1E29CA207F73D600CF5AF7 /* CheckBox.xib */ = {isa = PBXFileReference; lastKnownFileType = file.xib; path = CheckBox.xib; sourceTree = "<group>"; };
		BB1E29CD207F73FB00CF5AF7 /* Dialog.swift */ = {isa = PBXFileReference; lastKnownFileType = sourcecode.swift; path = Dialog.swift; sourceTree = "<group>"; };
		BB1E29CF207F740200CF5AF7 /* Dialog.xib */ = {isa = PBXFileReference; lastKnownFileType = file.xib; path = Dialog.xib; sourceTree = "<group>"; };
		BB1E29D1207F740F00CF5AF7 /* DialogButton.xib */ = {isa = PBXFileReference; lastKnownFileType = file.xib; path = DialogButton.xib; sourceTree = "<group>"; };
		BB1E29D3207F741800CF5AF7 /* DialogButton.swift */ = {isa = PBXFileReference; lastKnownFileType = sourcecode.swift; path = DialogButton.swift; sourceTree = "<group>"; };
		BB1E29D6207F748C00CF5AF7 /* MessageViewController.swift */ = {isa = PBXFileReference; lastKnownFileType = sourcecode.swift; path = MessageViewController.swift; sourceTree = "<group>"; };
		BB1E29D9207F750800CF5AF7 /* WebViewController.swift */ = {isa = PBXFileReference; fileEncoding = 4; lastKnownFileType = sourcecode.swift; path = WebViewController.swift; sourceTree = "<group>"; };
		BB22537B2080E3630035605A /* CALayer+Border.swift */ = {isa = PBXFileReference; lastKnownFileType = sourcecode.swift; path = "CALayer+Border.swift"; sourceTree = "<group>"; };
		BB36A4AD2082009600B96D18 /* KeyboardRespondableViewController.swift */ = {isa = PBXFileReference; lastKnownFileType = sourcecode.swift; path = KeyboardRespondableViewController.swift; sourceTree = "<group>"; };
		BB36A4B02082038F00B96D18 /* PlaceholderTextField.swift */ = {isa = PBXFileReference; lastKnownFileType = sourcecode.swift; path = PlaceholderTextField.swift; sourceTree = "<group>"; };
		BB36A4B2208203A500B96D18 /* PlaceholderTextView.swift */ = {isa = PBXFileReference; lastKnownFileType = sourcecode.swift; path = PlaceholderTextView.swift; sourceTree = "<group>"; };
		BB7E838320B6EFB90054235C /* AppFactory.entitlements */ = {isa = PBXFileReference; lastKnownFileType = text.plist.entitlements; path = AppFactory.entitlements; sourceTree = "<group>"; };
		BB96C3B2207B89150054D352 /* EngineerDetailRequester.swift */ = {isa = PBXFileReference; lastKnownFileType = sourcecode.swift; path = EngineerDetailRequester.swift; sourceTree = "<group>"; };
		BB96C3B5207B8BB10054D352 /* OrganizationType.swift */ = {isa = PBXFileReference; lastKnownFileType = sourcecode.swift; path = OrganizationType.swift; sourceTree = "<group>"; };
		BB96C3B7207B8EB60054D352 /* CostType.swift */ = {isa = PBXFileReference; lastKnownFileType = sourcecode.swift; path = CostType.swift; sourceTree = "<group>"; };
		BB96C3B9207B8ECE0054D352 /* WorksType.swift */ = {isa = PBXFileReference; lastKnownFileType = sourcecode.swift; path = WorksType.swift; sourceTree = "<group>"; };
		BB96C3BB207B8FB40054D352 /* GallerySortType.swift */ = {isa = PBXFileReference; lastKnownFileType = sourcecode.swift; path = GallerySortType.swift; sourceTree = "<group>"; };
		BB96C3BD207B9B6E0054D352 /* String+Base64.swift */ = {isa = PBXFileReference; lastKnownFileType = sourcecode.swift; path = "String+Base64.swift"; sourceTree = "<group>"; };
		BBCC08D5207E45C10007D33E /* CommonUtility.swift */ = {isa = PBXFileReference; lastKnownFileType = sourcecode.swift; path = CommonUtility.swift; sourceTree = "<group>"; };
		BBD9EB6620831A4D005A271F /* GallerySortViewController.swift */ = {isa = PBXFileReference; lastKnownFileType = sourcecode.swift; path = GallerySortViewController.swift; sourceTree = "<group>"; };
		BBD9EB682083200C005A271F /* SaveData.swift */ = {isa = PBXFileReference; lastKnownFileType = sourcecode.swift; path = SaveData.swift; sourceTree = "<group>"; };
		BBD9EB6D208323E1005A271F /* TutorialViewController.swift */ = {isa = PBXFileReference; fileEncoding = 4; lastKnownFileType = sourcecode.swift; path = TutorialViewController.swift; sourceTree = "<group>"; };
		BBD9EB6F208323EF005A271F /* TutorialView.swift */ = {isa = PBXFileReference; lastKnownFileType = sourcecode.swift; path = TutorialView.swift; sourceTree = "<group>"; };
		BBD9EB71208323FC005A271F /* TutorialView.xib */ = {isa = PBXFileReference; lastKnownFileType = file.xib; path = TutorialView.xib; sourceTree = "<group>"; };
		BBD9EB7420833D11005A271F /* Loading.swift */ = {isa = PBXFileReference; lastKnownFileType = sourcecode.swift; path = Loading.swift; sourceTree = "<group>"; };
		BBD9EB7620833D1A005A271F /* Loading.xib */ = {isa = PBXFileReference; lastKnownFileType = file.xib; path = Loading.xib; sourceTree = "<group>"; };
		BBE16246207BCC0A007DCE02 /* UIViewController+Scene.swift */ = {isa = PBXFileReference; lastKnownFileType = sourcecode.swift; path = "UIViewController+Scene.swift"; sourceTree = "<group>"; };
		BBEB4BB7207E1FDC0073F461 /* EstimateViewController.swift */ = {isa = PBXFileReference; lastKnownFileType = sourcecode.swift; path = EstimateViewController.swift; sourceTree = "<group>"; };
		BBEB4BB9207E204F0073F461 /* ImageStorage.swift */ = {isa = PBXFileReference; lastKnownFileType = sourcecode.swift; path = ImageStorage.swift; sourceTree = "<group>"; };
		BBEB4BC0207E26B10073F461 /* Common.storyboard */ = {isa = PBXFileReference; lastKnownFileType = file.storyboard; path = Common.storyboard; sourceTree = "<group>"; };
		BBEB4BC5207E296D0073F461 /* EndedProjectViewController.swift */ = {isa = PBXFileReference; lastKnownFileType = sourcecode.swift; path = EndedProjectViewController.swift; sourceTree = "<group>"; };
/* End PBXFileReference section */

/* Begin PBXFrameworksBuildPhase section */
		BB1634E7207A50C200AED7F6 /* Frameworks */ = {
			isa = PBXFrameworksBuildPhase;
			buildActionMask = 2147483647;
			files = (
			);
			runOnlyForDeploymentPostprocessing = 0;
		};
/* End PBXFrameworksBuildPhase section */

/* Begin PBXGroup section */
		BB1634E1207A50C200AED7F6 = {
			isa = PBXGroup;
			children = (
				BB1634EC207A50C200AED7F6 /* AppFactory */,
				BB1634EB207A50C200AED7F6 /* Products */,
			);
			sourceTree = "<group>";
		};
		BB1634EB207A50C200AED7F6 /* Products */ = {
			isa = PBXGroup;
			children = (
				BB1634EA207A50C200AED7F6 /* AppFactory.app */,
			);
			name = Products;
			sourceTree = "<group>";
		};
		BB1634EC207A50C200AED7F6 /* AppFactory */ = {
			isa = PBXGroup;
			children = (
				BB1634ED207A50C200AED7F6 /* AppDelegate.swift */,
				BB163500207A53FF00AED7F6 /* View */,
				BB163507207A54A800AED7F6 /* Http */,
				BB163508207A54B400AED7F6 /* Extension */,
				BB163509207A54BE00AED7F6 /* System */,
				BB163501207A540300AED7F6 /* Storyboard */,
				BB1634F4207A50C200AED7F6 /* Assets.xcassets */,
				BB1634F6207A50C200AED7F6 /* LaunchScreen.storyboard */,
				BB1634F9207A50C300AED7F6 /* Info.plist */,
				BB7E838320B6EFB90054235C /* AppFactory.entitlements */,
			);
			path = AppFactory;
			sourceTree = "<group>";
		};
		BB163500207A53FF00AED7F6 /* View */ = {
			isa = PBXGroup;
			children = (
				BB163504207A542200AED7F6 /* Splash */,
				BB16350A207A54CE00AED7F6 /* Tabbar */,
				BBD9EB6C208323BE005A271F /* Tutorial */,
				BB1D078C207CD0AF0073BBB2 /* Engineer */,
				BB1D078D207CD0B50073BBB2 /* Gallery */,
				BB1D078E207CD0BC0073BBB2 /* Progress */,
				BB1D078F207CD0C00073BBB2 /* Other */,
				BBEB4BC2207E26F20073F461 /* Common */,
			);
			path = View;
			sourceTree = "<group>";
		};
		BB163501207A540300AED7F6 /* Storyboard */ = {
			isa = PBXGroup;
			children = (
				BB163502207A541100AED7F6 /* Main.storyboard */,
				BB1D0798207CD1700073BBB2 /* Engineer.storyboard */,
				BB1D079A207CD1780073BBB2 /* Gallery.storyboard */,
				BB1D079C207CD1800073BBB2 /* Progress.storyboard */,
				BB1D079E207CD1860073BBB2 /* Other.storyboard */,
				BBEB4BC0207E26B10073F461 /* Common.storyboard */,
			);
			path = Storyboard;
			sourceTree = "<group>";
		};
		BB163504207A542200AED7F6 /* Splash */ = {
			isa = PBXGroup;
			children = (
				BB163505207A543000AED7F6 /* SplashViewController.swift */,
			);
			path = Splash;
			sourceTree = "<group>";
		};
		BB163507207A54A800AED7F6 /* Http */ = {
			isa = PBXGroup;
			children = (
				BB16350D207A550300AED7F6 /* HttpManager.swift */,
				BB16351C207A5C1C00AED7F6 /* ApiManager.swift */,
				BB163511207A55A500AED7F6 /* Requester */,
				BB96C3B4207B8BA00054D352 /* Enum */,
			);
			path = Http;
			sourceTree = "<group>";
		};
		BB163508207A54B400AED7F6 /* Extension */ = {
			isa = PBXGroup;
			children = (
				BBE16246207BCC0A007DCE02 /* UIViewController+Scene.swift */,
				BB96C3BD207B9B6E0054D352 /* String+Base64.swift */,
				BB1D07A0207CD1DE0073BBB2 /* UIColor+Original.swift */,
				BB1E29C5207F736F00CF5AF7 /* UILabel+Attribute.swift */,
				BB22537B2080E3630035605A /* CALayer+Border.swift */,
			);
			path = Extension;
			sourceTree = "<group>";
		};
		BB163509207A54BE00AED7F6 /* System */ = {
			isa = PBXGroup;
			children = (
				BBD9EB682083200C005A271F /* SaveData.swift */,
				BB16351A207A55FD00AED7F6 /* Constants.swift */,
				BBEB4BB9207E204F0073F461 /* ImageStorage.swift */,
				BBCC08D5207E45C10007D33E /* CommonUtility.swift */,
			);
			path = System;
			sourceTree = "<group>";
		};
		BB16350A207A54CE00AED7F6 /* Tabbar */ = {
			isa = PBXGroup;
			children = (
				BB16350B207A54DD00AED7F6 /* TabbarViewController.swift */,
			);
			path = Tabbar;
			sourceTree = "<group>";
		};
		BB163511207A55A500AED7F6 /* Requester */ = {
			isa = PBXGroup;
			children = (
				BB163512207A55B500AED7F6 /* EngineerRequester.swift */,
				BB96C3B2207B89150054D352 /* EngineerDetailRequester.swift */,
				BB163514207A55BF00AED7F6 /* GalleryRequester.swift */,
				BB163516207A55DA00AED7F6 /* MessageRequester.swift */,
				BB163518207A55E300AED7F6 /* EstimateRequester.swift */,
			);
			path = Requester;
			sourceTree = "<group>";
		};
		BB1D078C207CD0AF0073BBB2 /* Engineer */ = {
			isa = PBXGroup;
			children = (
				BB1D0790207CD0D60073BBB2 /* EngineerViewController.swift */,
				BB1D07A2207CD65E0073BBB2 /* EngineerTableViewCell.swift */,
				BB1D07A7207CE12A0073BBB2 /* EngineerMenuViewController.swift */,
				BB1D07A4207CE0F60073BBB2 /* Detail */,
				BB1E29D5207F747B00CF5AF7 /* Message */,
				BBEB4BB6207E1FC20073F461 /* Estimate */,
			);
			path = Engineer;
			sourceTree = "<group>";
		};
		BB1D078D207CD0B50073BBB2 /* Gallery */ = {
			isa = PBXGroup;
			children = (
				BB1D0792207CD0E30073BBB2 /* GalleryViewController.swift */,
				BB1D07AD207CF5090073BBB2 /* GalleryCollectionViewCell.swift */,
				BBD9EB6620831A4D005A271F /* GallerySortViewController.swift */,
			);
			path = Gallery;
			sourceTree = "<group>";
		};
		BB1D078E207CD0BC0073BBB2 /* Progress */ = {
			isa = PBXGroup;
			children = (
				BB1D0794207CD0EB0073BBB2 /* ProgressViewController.swift */,
			);
			path = Progress;
			sourceTree = "<group>";
		};
		BB1D078F207CD0C00073BBB2 /* Other */ = {
			isa = PBXGroup;
			children = (
				BB1D0796207CD0F40073BBB2 /* OtherViewController.swift */,
				BBEB4BC5207E296D0073F461 /* EndedProjectViewController.swift */,
			);
			path = Other;
			sourceTree = "<group>";
		};
		BB1D07A4207CE0F60073BBB2 /* Detail */ = {
			isa = PBXGroup;
			children = (
				BB1D07A5207CE11D0073BBB2 /* EngineerDetailViewController.swift */,
				BB1D07A9207CE5FD0073BBB2 /* EngineerDetailProfileTableViewCell.swift */,
				BB1D07AB207CE60A0073BBB2 /* EngineerDetailWorkTableViewCell.swift */,
			);
			path = Detail;
			sourceTree = "<group>";
		};
		BB1E29C7207F73BD00CF5AF7 /* CheckBox */ = {
			isa = PBXGroup;
			children = (
				BB1E29C8207F73CD00CF5AF7 /* CheckBox.swift */,
				BB1E29CA207F73D600CF5AF7 /* CheckBox.xib */,
			);
			path = CheckBox;
			sourceTree = "<group>";
		};
		BB1E29CC207F73ED00CF5AF7 /* Dialog */ = {
			isa = PBXGroup;
			children = (
				BB1E29CD207F73FB00CF5AF7 /* Dialog.swift */,
				BB1E29CF207F740200CF5AF7 /* Dialog.xib */,
				BB1E29D3207F741800CF5AF7 /* DialogButton.swift */,
				BB1E29D1207F740F00CF5AF7 /* DialogButton.xib */,
			);
			path = Dialog;
			sourceTree = "<group>";
		};
		BB1E29D5207F747B00CF5AF7 /* Message */ = {
			isa = PBXGroup;
			children = (
				BB1E29D6207F748C00CF5AF7 /* MessageViewController.swift */,
			);
			path = Message;
			sourceTree = "<group>";
		};
		BB1E29D8207F74F800CF5AF7 /* WebView */ = {
			isa = PBXGroup;
			children = (
				BB1E29D9207F750800CF5AF7 /* WebViewController.swift */,
			);
			path = WebView;
			sourceTree = "<group>";
		};
		BB36A4AC2082008400B96D18 /* Keyboard */ = {
			isa = PBXGroup;
			children = (
				BB36A4AD2082009600B96D18 /* KeyboardRespondableViewController.swift */,
			);
			path = Keyboard;
			sourceTree = "<group>";
		};
		BB36A4AF2082037600B96D18 /* Placeholder */ = {
			isa = PBXGroup;
			children = (
				BB36A4B02082038F00B96D18 /* PlaceholderTextField.swift */,
				BB36A4B2208203A500B96D18 /* PlaceholderTextView.swift */,
			);
			path = Placeholder;
			sourceTree = "<group>";
		};
		BB96C3B4207B8BA00054D352 /* Enum */ = {
			isa = PBXGroup;
			children = (
				BB96C3B5207B8BB10054D352 /* OrganizationType.swift */,
				BB96C3B7207B8EB60054D352 /* CostType.swift */,
				BB96C3B9207B8ECE0054D352 /* WorksType.swift */,
				BB96C3BB207B8FB40054D352 /* GallerySortType.swift */,
			);
			path = Enum;
			sourceTree = "<group>";
		};
		BBD9EB6C208323BE005A271F /* Tutorial */ = {
			isa = PBXGroup;
			children = (
				BBD9EB6D208323E1005A271F /* TutorialViewController.swift */,
				BBD9EB6F208323EF005A271F /* TutorialView.swift */,
				BBD9EB71208323FC005A271F /* TutorialView.xib */,
			);
			path = Tutorial;
			sourceTree = "<group>";
		};
		BBD9EB7320833D00005A271F /* Loading */ = {
			isa = PBXGroup;
			children = (
				BBD9EB7420833D11005A271F /* Loading.swift */,
				BBD9EB7620833D1A005A271F /* Loading.xib */,
			);
			path = Loading;
			sourceTree = "<group>";
		};
		BBEB4BB6207E1FC20073F461 /* Estimate */ = {
			isa = PBXGroup;
			children = (
				BBEB4BB7207E1FDC0073F461 /* EstimateViewController.swift */,
			);
			path = Estimate;
			sourceTree = "<group>";
		};
		BBEB4BC2207E26F20073F461 /* Common */ = {
			isa = PBXGroup;
			children = (
				BBD9EB7320833D00005A271F /* Loading */,
				BB36A4AF2082037600B96D18 /* Placeholder */,
				BB36A4AC2082008400B96D18 /* Keyboard */,
				BB1E29D8207F74F800CF5AF7 /* WebView */,
				BB1E29C7207F73BD00CF5AF7 /* CheckBox */,
				BB1E29CC207F73ED00CF5AF7 /* Dialog */,
			);
			path = Common;
			sourceTree = "<group>";
		};
/* End PBXGroup section */

/* Begin PBXNativeTarget section */
		BB1634E9207A50C200AED7F6 /* AppFactory */ = {
			isa = PBXNativeTarget;
			buildConfigurationList = BB1634FC207A50C300AED7F6 /* Build configuration list for PBXNativeTarget "AppFactory" */;
			buildPhases = (
				BB1634E6207A50C200AED7F6 /* Sources */,
				BB1634E7207A50C200AED7F6 /* Frameworks */,
				BB1634E8207A50C200AED7F6 /* Resources */,
			);
			buildRules = (
			);
			dependencies = (
			);
			name = AppFactory;
			productName = AppFactory;
			productReference = BB1634EA207A50C200AED7F6 /* AppFactory.app */;
			productType = "com.apple.product-type.application";
		};
/* End PBXNativeTarget section */

/* Begin PBXProject section */
		BB1634E2207A50C200AED7F6 /* Project object */ = {
			isa = PBXProject;
			attributes = {
				LastSwiftUpdateCheck = 0910;
				LastUpgradeCheck = 0910;
				ORGANIZATIONNAME = "Leapfrog-Inc";
				TargetAttributes = {
					BB1634E9207A50C200AED7F6 = {
						CreatedOnToolsVersion = 9.1;
						ProvisioningStyle = Manual;
						SystemCapabilities = {
							com.apple.Push = {
								enabled = 1;
							};
						};
					};
				};
			};
			buildConfigurationList = BB1634E5207A50C200AED7F6 /* Build configuration list for PBXProject "AppFactory" */;
			compatibilityVersion = "Xcode 8.0";
			developmentRegion = en;
			hasScannedForEncodings = 0;
			knownRegions = (
				en,
				Base,
			);
			mainGroup = BB1634E1207A50C200AED7F6;
			productRefGroup = BB1634EB207A50C200AED7F6 /* Products */;
			projectDirPath = "";
			projectRoot = "";
			targets = (
				BB1634E9207A50C200AED7F6 /* AppFactory */,
			);
		};
/* End PBXProject section */

/* Begin PBXResourcesBuildPhase section */
		BB1634E8207A50C200AED7F6 /* Resources */ = {
			isa = PBXResourcesBuildPhase;
			buildActionMask = 2147483647;
			files = (
				BB1E29D2207F740F00CF5AF7 /* DialogButton.xib in Resources */,
				BB163503207A541100AED7F6 /* Main.storyboard in Resources */,
				BBEB4BC1207E26B10073F461 /* Common.storyboard in Resources */,
				BB1D079B207CD1780073BBB2 /* Gallery.storyboard in Resources */,
				BBD9EB7720833D1A005A271F /* Loading.xib in Resources */,
				BBD9EB72208323FC005A271F /* TutorialView.xib in Resources */,
				BB1E29CB207F73D600CF5AF7 /* CheckBox.xib in Resources */,
				BB1634F8207A50C200AED7F6 /* LaunchScreen.storyboard in Resources */,
				BB1D079D207CD1800073BBB2 /* Progress.storyboard in Resources */,
				BB1D079F207CD1860073BBB2 /* Other.storyboard in Resources */,
				BB1E29D0207F740200CF5AF7 /* Dialog.xib in Resources */,
				BB1634F5207A50C200AED7F6 /* Assets.xcassets in Resources */,
				BB1D0799207CD1700073BBB2 /* Engineer.storyboard in Resources */,
			);
			runOnlyForDeploymentPostprocessing = 0;
		};
/* End PBXResourcesBuildPhase section */

/* Begin PBXSourcesBuildPhase section */
		BB1634E6207A50C200AED7F6 /* Sources */ = {
			isa = PBXSourcesBuildPhase;
			buildActionMask = 2147483647;
			files = (
				BB96C3B6207B8BB10054D352 /* OrganizationType.swift in Sources */,
				BB1E29D7207F748C00CF5AF7 /* MessageViewController.swift in Sources */,
				BB1D07A3207CD65E0073BBB2 /* EngineerTableViewCell.swift in Sources */,
				BB1D07A8207CE12A0073BBB2 /* EngineerMenuViewController.swift in Sources */,
				BB1634EE207A50C200AED7F6 /* AppDelegate.swift in Sources */,
				BB163513207A55B500AED7F6 /* EngineerRequester.swift in Sources */,
				BB1D07AE207CF5090073BBB2 /* GalleryCollectionViewCell.swift in Sources */,
				BB1D07AC207CE60A0073BBB2 /* EngineerDetailWorkTableViewCell.swift in Sources */,
				BBEB4BBA207E204F0073F461 /* ImageStorage.swift in Sources */,
				BB16351D207A5C1C00AED7F6 /* ApiManager.swift in Sources */,
				BBD9EB7520833D11005A271F /* Loading.swift in Sources */,
				BB96C3BC207B8FB40054D352 /* GallerySortType.swift in Sources */,
				BB1E29C6207F736F00CF5AF7 /* UILabel+Attribute.swift in Sources */,
				BB1D0793207CD0E30073BBB2 /* GalleryViewController.swift in Sources */,
				BB1D07A1207CD1DE0073BBB2 /* UIColor+Original.swift in Sources */,
				BBD9EB692083200C005A271F /* SaveData.swift in Sources */,
				BB96C3BE207B9B6F0054D352 /* String+Base64.swift in Sources */,
				BB1E29D4207F741800CF5AF7 /* DialogButton.swift in Sources */,
				BBEB4BB8207E1FDC0073F461 /* EstimateViewController.swift in Sources */,
				BB1E29CE207F73FB00CF5AF7 /* Dialog.swift in Sources */,
				BB163506207A543000AED7F6 /* SplashViewController.swift in Sources */,
				BB1D0791207CD0D60073BBB2 /* EngineerViewController.swift in Sources */,
				BB36A4B12082038F00B96D18 /* PlaceholderTextField.swift in Sources */,
				BBE16247207BCC0A007DCE02 /* UIViewController+Scene.swift in Sources */,
				BB1E29C9207F73CD00CF5AF7 /* CheckBox.swift in Sources */,
				BB1D07A6207CE11D0073BBB2 /* EngineerDetailViewController.swift in Sources */,
				BB36A4B3208203A500B96D18 /* PlaceholderTextView.swift in Sources */,
				BB96C3B8207B8EB60054D352 /* CostType.swift in Sources */,
				BB22537C2080E3630035605A /* CALayer+Border.swift in Sources */,
				BB36A4AE2082009600B96D18 /* KeyboardRespondableViewController.swift in Sources */,
				BBCC08D6207E45C10007D33E /* CommonUtility.swift in Sources */,
				BB1D07AA207CE5FD0073BBB2 /* EngineerDetailProfileTableViewCell.swift in Sources */,
				BBEB4BC6207E296D0073F461 /* EndedProjectViewController.swift in Sources */,
				BBD9EB70208323EF005A271F /* TutorialView.swift in Sources */,
				BBD9EB6720831A4D005A271F /* GallerySortViewController.swift in Sources */,
				BB96C3B3207B89150054D352 /* EngineerDetailRequester.swift in Sources */,
				BB163515207A55BF00AED7F6 /* GalleryRequester.swift in Sources */,
				BB96C3BA207B8ECE0054D352 /* WorksType.swift in Sources */,
				BB16351B207A55FD00AED7F6 /* Constants.swift in Sources */,
				BBD9EB6E208323E1005A271F /* TutorialViewController.swift in Sources */,
				BB1D0795207CD0EB0073BBB2 /* ProgressViewController.swift in Sources */,
				BB1D0797207CD0F40073BBB2 /* OtherViewController.swift in Sources */,
				BB16350C207A54DD00AED7F6 /* TabbarViewController.swift in Sources */,
				BB163517207A55DA00AED7F6 /* MessageRequester.swift in Sources */,
				BB163519207A55E300AED7F6 /* EstimateRequester.swift in Sources */,
				BB1E29DA207F750800CF5AF7 /* WebViewController.swift in Sources */,
				BB16350E207A550300AED7F6 /* HttpManager.swift in Sources */,
			);
			runOnlyForDeploymentPostprocessing = 0;
		};
/* End PBXSourcesBuildPhase section */

/* Begin PBXVariantGroup section */
		BB1634F6207A50C200AED7F6 /* LaunchScreen.storyboard */ = {
			isa = PBXVariantGroup;
			children = (
				BB1634F7207A50C200AED7F6 /* Base */,
			);
			name = LaunchScreen.storyboard;
			sourceTree = "<group>";
		};
/* End PBXVariantGroup section */

/* Begin XCBuildConfiguration section */
		BB1634FA207A50C300AED7F6 /* Debug */ = {
			isa = XCBuildConfiguration;
			buildSettings = {
				ALWAYS_SEARCH_USER_PATHS = NO;
				CLANG_ANALYZER_NONNULL = YES;
				CLANG_ANALYZER_NUMBER_OBJECT_CONVERSION = YES_AGGRESSIVE;
				CLANG_CXX_LANGUAGE_STANDARD = "gnu++14";
				CLANG_CXX_LIBRARY = "libc++";
				CLANG_ENABLE_MODULES = YES;
				CLANG_ENABLE_OBJC_ARC = YES;
				CLANG_WARN_BLOCK_CAPTURE_AUTORELEASING = YES;
				CLANG_WARN_BOOL_CONVERSION = YES;
				CLANG_WARN_COMMA = YES;
				CLANG_WARN_CONSTANT_CONVERSION = YES;
				CLANG_WARN_DIRECT_OBJC_ISA_USAGE = YES_ERROR;
				CLANG_WARN_DOCUMENTATION_COMMENTS = YES;
				CLANG_WARN_EMPTY_BODY = YES;
				CLANG_WARN_ENUM_CONVERSION = YES;
				CLANG_WARN_INFINITE_RECURSION = YES;
				CLANG_WARN_INT_CONVERSION = YES;
				CLANG_WARN_NON_LITERAL_NULL_CONVERSION = YES;
				CLANG_WARN_OBJC_LITERAL_CONVERSION = YES;
				CLANG_WARN_OBJC_ROOT_CLASS = YES_ERROR;
				CLANG_WARN_RANGE_LOOP_ANALYSIS = YES;
				CLANG_WARN_STRICT_PROTOTYPES = YES;
				CLANG_WARN_SUSPICIOUS_MOVE = YES;
				CLANG_WARN_UNGUARDED_AVAILABILITY = YES_AGGRESSIVE;
				CLANG_WARN_UNREACHABLE_CODE = YES;
				CLANG_WARN__DUPLICATE_METHOD_MATCH = YES;
				CODE_SIGN_IDENTITY = "iPhone Developer";
				COPY_PHASE_STRIP = NO;
				DEBUG_INFORMATION_FORMAT = dwarf;
				ENABLE_STRICT_OBJC_MSGSEND = YES;
				ENABLE_TESTABILITY = YES;
				GCC_C_LANGUAGE_STANDARD = gnu11;
				GCC_DYNAMIC_NO_PIC = NO;
				GCC_NO_COMMON_BLOCKS = YES;
				GCC_OPTIMIZATION_LEVEL = 0;
				GCC_PREPROCESSOR_DEFINITIONS = (
					"DEBUG=1",
					"$(inherited)",
				);
				GCC_WARN_64_TO_32_BIT_CONVERSION = YES;
				GCC_WARN_ABOUT_RETURN_TYPE = YES_ERROR;
				GCC_WARN_UNDECLARED_SELECTOR = YES;
				GCC_WARN_UNINITIALIZED_AUTOS = YES_AGGRESSIVE;
				GCC_WARN_UNUSED_FUNCTION = YES;
				GCC_WARN_UNUSED_VARIABLE = YES;
				IPHONEOS_DEPLOYMENT_TARGET = 11.1;
				MTL_ENABLE_DEBUG_INFO = YES;
				ONLY_ACTIVE_ARCH = YES;
				SDKROOT = iphoneos;
				SWIFT_ACTIVE_COMPILATION_CONDITIONS = DEBUG;
				SWIFT_OPTIMIZATION_LEVEL = "-Onone";
			};
			name = Debug;
		};
		BB1634FB207A50C300AED7F6 /* Release */ = {
			isa = XCBuildConfiguration;
			buildSettings = {
				ALWAYS_SEARCH_USER_PATHS = NO;
				CLANG_ANALYZER_NONNULL = YES;
				CLANG_ANALYZER_NUMBER_OBJECT_CONVERSION = YES_AGGRESSIVE;
				CLANG_CXX_LANGUAGE_STANDARD = "gnu++14";
				CLANG_CXX_LIBRARY = "libc++";
				CLANG_ENABLE_MODULES = YES;
				CLANG_ENABLE_OBJC_ARC = YES;
				CLANG_WARN_BLOCK_CAPTURE_AUTORELEASING = YES;
				CLANG_WARN_BOOL_CONVERSION = YES;
				CLANG_WARN_COMMA = YES;
				CLANG_WARN_CONSTANT_CONVERSION = YES;
				CLANG_WARN_DIRECT_OBJC_ISA_USAGE = YES_ERROR;
				CLANG_WARN_DOCUMENTATION_COMMENTS = YES;
				CLANG_WARN_EMPTY_BODY = YES;
				CLANG_WARN_ENUM_CONVERSION = YES;
				CLANG_WARN_INFINITE_RECURSION = YES;
				CLANG_WARN_INT_CONVERSION = YES;
				CLANG_WARN_NON_LITERAL_NULL_CONVERSION = YES;
				CLANG_WARN_OBJC_LITERAL_CONVERSION = YES;
				CLANG_WARN_OBJC_ROOT_CLASS = YES_ERROR;
				CLANG_WARN_RANGE_LOOP_ANALYSIS = YES;
				CLANG_WARN_STRICT_PROTOTYPES = YES;
				CLANG_WARN_SUSPICIOUS_MOVE = YES;
				CLANG_WARN_UNGUARDED_AVAILABILITY = YES_AGGRESSIVE;
				CLANG_WARN_UNREACHABLE_CODE = YES;
				CLANG_WARN__DUPLICATE_METHOD_MATCH = YES;
				CODE_SIGN_IDENTITY = "iPhone Developer";
				COPY_PHASE_STRIP = NO;
				DEBUG_INFORMATION_FORMAT = "dwarf-with-dsym";
				ENABLE_NS_ASSERTIONS = NO;
				ENABLE_STRICT_OBJC_MSGSEND = YES;
				GCC_C_LANGUAGE_STANDARD = gnu11;
				GCC_NO_COMMON_BLOCKS = YES;
				GCC_WARN_64_TO_32_BIT_CONVERSION = YES;
				GCC_WARN_ABOUT_RETURN_TYPE = YES_ERROR;
				GCC_WARN_UNDECLARED_SELECTOR = YES;
				GCC_WARN_UNINITIALIZED_AUTOS = YES_AGGRESSIVE;
				GCC_WARN_UNUSED_FUNCTION = YES;
				GCC_WARN_UNUSED_VARIABLE = YES;
				IPHONEOS_DEPLOYMENT_TARGET = 11.1;
				MTL_ENABLE_DEBUG_INFO = NO;
				SDKROOT = iphoneos;
				SWIFT_OPTIMIZATION_LEVEL = "-Owholemodule";
				VALIDATE_PRODUCT = YES;
			};
			name = Release;
		};
		BB1634FD207A50C300AED7F6 /* Debug */ = {
			isa = XCBuildConfiguration;
			buildSettings = {
				ASSETCATALOG_COMPILER_APPICON_NAME = AppIcon;
				CODE_SIGN_ENTITLEMENTS = AppFactory/AppFactory.entitlements;
				CODE_SIGN_STYLE = Manual;
				DEVELOPMENT_TEAM = "";
				INFOPLIST_FILE = AppFactory/Info.plist;
				IPHONEOS_DEPLOYMENT_TARGET = 10.0;
				LD_RUNPATH_SEARCH_PATHS = "$(inherited) @executable_path/Frameworks";
				PRODUCT_BUNDLE_IDENTIFIER = "Leapfrog-Inc.AppFactory";
				PRODUCT_NAME = "$(TARGET_NAME)";
				PROVISIONING_PROFILE_SPECIFIER = "";
				SWIFT_VERSION = 4.0;
				TARGETED_DEVICE_FAMILY = 1;
			};
			name = Debug;
		};
		BB1634FE207A50C300AED7F6 /* Release */ = {
			isa = XCBuildConfiguration;
			buildSettings = {
				ASSETCATALOG_COMPILER_APPICON_NAME = AppIcon;
				CODE_SIGN_ENTITLEMENTS = AppFactory/AppFactory.entitlements;
				CODE_SIGN_IDENTITY = "iPhone Distribution";
				CODE_SIGN_STYLE = Manual;
				DEVELOPMENT_TEAM = P98P6SV69B;
				INFOPLIST_FILE = AppFactory/Info.plist;
				IPHONEOS_DEPLOYMENT_TARGET = 10.0;
				LD_RUNPATH_SEARCH_PATHS = "$(inherited) @executable_path/Frameworks";
				PRODUCT_BUNDLE_IDENTIFIER = "Leapfrog-Inc.AppFactory";
				PRODUCT_NAME = "$(TARGET_NAME)";
				PROVISIONING_PROFILE = "9cc45466-e236-47aa-9f26-d2c0de591ccc";
				PROVISIONING_PROFILE_SPECIFIER = "AppFactory-Release-20180524";
				SWIFT_VERSION = 4.0;
				TARGETED_DEVICE_FAMILY = 1;
			};
			name = Release;
		};
/* End XCBuildConfiguration section */

/* Begin XCConfigurationList section */
		BB1634E5207A50C200AED7F6 /* Build configuration list for PBXProject "AppFactory" */ = {
			isa = XCConfigurationList;
			buildConfigurations = (
				BB1634FA207A50C300AED7F6 /* Debug */,
				BB1634FB207A50C300AED7F6 /* Release */,
			);
			defaultConfigurationIsVisible = 0;
			defaultConfigurationName = Release;
		};
		BB1634FC207A50C300AED7F6 /* Build configuration list for PBXNativeTarget "AppFactory" */ = {
			isa = XCConfigurationList;
			buildConfigurations = (
				BB1634FD207A50C300AED7F6 /* Debug */,
				BB1634FE207A50C300AED7F6 /* Release */,
			);
			defaultConfigurationIsVisible = 0;
			defaultConfigurationName = Release;
		};
/* End XCConfigurationList section */
	};
	rootObject = BB1634E2207A50C200AED7F6 /* Project object */;
}
